
Microsoft Visual Studio Solution File, Format Version 12.00
# Visual Studio Version 17
VisualStudioVersion = 17.14.36705.20 d17.14
MinimumVisualStudioVersion = 10.0.40219.1
Project("{FAE04EC0-301F-11D3-BF4B-00C04F79EFBC}") = "TestingMVC", "TestingMVC\TestingMVC.csproj", "{B59AB346-A5B4-4E68-86D4-DBBE6B4826EE}"
EndProject
Global
	GlobalSection(SolutionConfigurationPlatforms) = preSolution
		Debug|Any CPU = Debug|Any CPU
		Release|Any CPU = Release|Any CPU
	EndGlobalSection
	GlobalSection(ProjectConfigurationPlatforms) = postSolution
		{B59AB346-A5B4-4E68-86D4-DBBE6B4826EE}.Debug|Any CPU.ActiveCfg = Debug|Any CPU
		{B59AB346-A5B4-4E68-86D4-DBBE6B4826EE}.Debug|Any CPU.Build.0 = Debug|Any CPU
		{B59AB346-A5B4-4E68-86D4-DBBE6B4826EE}.Release|Any CPU.ActiveCfg = Release|Any CPU
		{B59AB346-A5B4-4E68-86D4-DBBE6B4826EE}.Release|Any CPU.Build.0 = Release|Any CPU
	EndGlobalSection
	GlobalSection(SolutionProperties) = preSolution
		HideSolutionNode = FALSE
	EndGlobalSection
	GlobalSection(ExtensibilityGlobals) = postSolution
		SolutionGuid = {303A6EC1-8777-4DA4-B6E5-0C31B5EB209F}
	EndGlobalSection
EndGlobal
